{
    "_meta": {
        "hash": {
            "sha256": "d99f34bc05ca929d571e149655bffc7cad9b663f0cec18a4aa9ae4e41000e372"
        },
        "pipfile-spec": 6,
        "requires": {
            "python_version": "3.9"
        },
        "sources": [
            {
                "name": "pypi",
                "url": "https://pypi.org/simple",
                "verify_ssl": true
            }
        ]
    },
    "default": {
        "dxfwrite": {
            "hashes": [
                "sha256:9f63366b7168c02bd2418a8619cdeb87c392d248af5c466de22aa9cecb9e296d",
                "sha256:f9b029f591d2d39faada3f795bfa30388bd1cafcf8a08c56991f3afcf185e466"
            ],
            "index": "pypi",
            "version": "==1.2.2"
        },
        "python-dotenv": {
            "hashes": [
                "sha256:0c8d1b80d1a1e91717ea7d526178e3882732420b03f08afea0406db6402e220e",
                "sha256:587825ed60b1711daea4832cf37524dfd404325b7db5e25ebe88c495c9f807a0"
            ],
            "index": "pypi",
            "version": "==0.15.0"
        }
    },
    "develop": {}
}
